
Microsoft Visual Studio Solution File, Format Version 12.00
# Visual Studio Version 17
VisualStudioVersion = 17.2.32616.157
MinimumVisualStudioVersion = 10.0.40219.1
Project("{FAE04EC0-301F-11D3-BF4B-00C04F79EFBC}") = "FreeHost", "src\FreeHost\FreeHost.csproj", "{EAAC6AB4-1756-45F6-A842-BC0C64EC6E02}"
EndProject
Global
	GlobalSection(SolutionConfigurationPlatforms) = preSolution
		Debug|Any CPU = Debug|Any CPU
		Release|Any CPU = Release|Any CPU
	EndGlobalSection
	GlobalSection(ProjectConfigurationPlatforms) = postSolution
		{EAAC6AB4-1756-45F6-A842-BC0C64EC6E02}.Debug|Any CPU.ActiveCfg = Debug|Any CPU
		{EAAC6AB4-1756-45F6-A842-BC0C64EC6E02}.Debug|Any CPU.Build.0 = Debug|Any CPU
		{EAAC6AB4-1756-45F6-A842-BC0C64EC6E02}.Release|Any CPU.ActiveCfg = Release|Any CPU
		{EAAC6AB4-1756-45F6-A842-BC0C64EC6E02}.Release|Any CPU.Build.0 = Release|Any CPU
	EndGlobalSection
	GlobalSection(SolutionProperties) = preSolution
		HideSolutionNode = FALSE
	EndGlobalSection
	GlobalSection(ExtensibilityGlobals) = postSolution
		SolutionGuid = {FBD23841-31D2-48FB-8AB6-52A916B24DC7}
	EndGlobalSection
EndGlobal
